// !$*UTF8*$!
{
	archiveVersion = 1;
	classes = {
	};
	objectVersion = 46;
	objects = {

/* Begin PBXBuildFile section */
		3A0009CF1A825C9B00A31253 /* GothamNarrow-Black.otf in Resources */ = {isa = PBXBuildFile; fileRef = 3A0009BF1A825C9B00A31253 /* GothamNarrow-Black.otf */; };
		3A0009D01A825C9B00A31253 /* GothamNarrow-BlackItalic.otf in Resources */ = {isa = PBXBuildFile; fileRef = 3A0009C01A825C9B00A31253 /* GothamNarrow-BlackItalic.otf */; };
		3A0009D11A825C9B00A31253 /* GothamNarrow-Bold.otf in Resources */ = {isa = PBXBuildFile; fileRef = 3A0009C11A825C9B00A31253 /* GothamNarrow-Bold.otf */; };
		3A0009D21A825C9B00A31253 /* GothamNarrow-BoldItalic.otf in Resources */ = {isa = PBXBuildFile; fileRef = 3A0009C21A825C9B00A31253 /* GothamNarrow-BoldItalic.otf */; };
		3A0009D31A825C9B00A31253 /* GothamNarrow-Book.otf in Resources */ = {isa = PBXBuildFile; fileRef = 3A0009C31A825C9B00A31253 /* GothamNarrow-Book.otf */; };
		3A0009D41A825C9B00A31253 /* GothamNarrow-BookItalic.otf in Resources */ = {isa = PBXBuildFile; fileRef = 3A0009C41A825C9B00A31253 /* GothamNarrow-BookItalic.otf */; };
		3A0009D51A825C9B00A31253 /* GothamNarrow-Light.otf in Resources */ = {isa = PBXBuildFile; fileRef = 3A0009C51A825C9B00A31253 /* GothamNarrow-Light.otf */; };
		3A0009D61A825C9B00A31253 /* GothamNarrow-LightItalic.otf in Resources */ = {isa = PBXBuildFile; fileRef = 3A0009C61A825C9B00A31253 /* GothamNarrow-LightItalic.otf */; };
		3A0009D71A825C9B00A31253 /* GothamNarrow-Medium.otf in Resources */ = {isa = PBXBuildFile; fileRef = 3A0009C71A825C9B00A31253 /* GothamNarrow-Medium.otf */; };
		3A0009D81A825C9B00A31253 /* GothamNarrow-MediumItalic.otf in Resources */ = {isa = PBXBuildFile; fileRef = 3A0009C81A825C9B00A31253 /* GothamNarrow-MediumItalic.otf */; };
		3A0009D91A825C9B00A31253 /* GothamNarrow-Thin.otf in Resources */ = {isa = PBXBuildFile; fileRef = 3A0009C91A825C9B00A31253 /* GothamNarrow-Thin.otf */; };
		3A0009DA1A825C9B00A31253 /* GothamNarrow-ThinItalic.otf in Resources */ = {isa = PBXBuildFile; fileRef = 3A0009CA1A825C9B00A31253 /* GothamNarrow-ThinItalic.otf */; };
		3A0009DB1A825C9B00A31253 /* GothamNarrow-Ultra.otf in Resources */ = {isa = PBXBuildFile; fileRef = 3A0009CB1A825C9B00A31253 /* GothamNarrow-Ultra.otf */; };
		3A0009DC1A825C9B00A31253 /* GothamNarrow-UltraItalic.otf in Resources */ = {isa = PBXBuildFile; fileRef = 3A0009CC1A825C9B00A31253 /* GothamNarrow-UltraItalic.otf */; };
		3A0009DD1A825C9B00A31253 /* GothamNarrow-XLight.otf in Resources */ = {isa = PBXBuildFile; fileRef = 3A0009CD1A825C9B00A31253 /* GothamNarrow-XLight.otf */; };
		3A0009DE1A825C9B00A31253 /* GothamNarrow-XLightItalic.otf in Resources */ = {isa = PBXBuildFile; fileRef = 3A0009CE1A825C9B00A31253 /* GothamNarrow-XLightItalic.otf */; };
		3A0009EF1A82665D00A31253 /* ZABookingViewController.m in Sources */ = {isa = PBXBuildFile; fileRef = 3A0009E21A82665D00A31253 /* ZABookingViewController.m */; };
		3A0009F01A82665D00A31253 /* ZAIconCell.m in Sources */ = {isa = PBXBuildFile; fileRef = 3A0009E61A82665D00A31253 /* ZAIconCell.m */; };
		3A0009F11A82665D00A31253 /* ZAHomeViewController.m in Sources */ = {isa = PBXBuildFile; fileRef = 3A0009E81A82665D00A31253 /* ZAHomeViewController.m */; };
		3A0009F31A82665D00A31253 /* ZASideBarTableViewController.m in Sources */ = {isa = PBXBuildFile; fileRef = 3A0009EE1A82665D00A31253 /* ZASideBarTableViewController.m */; };
		3A0009F51A8271D500A31253 /* infoPage.plist in Resources */ = {isa = PBXBuildFile; fileRef = 3A0009F41A8271D500A31253 /* infoPage.plist */; };
		3A0009F91A8365BE00A31253 /* ZABlogViewController.m in Sources */ = {isa = PBXBuildFile; fileRef = 3A0009F81A8365BE00A31253 /* ZABlogViewController.m */; };
		3A0009FD1A84B04300A31253 /* ZABaseNavBarViewController.m in Sources */ = {isa = PBXBuildFile; fileRef = 3A0009FC1A84B04300A31253 /* ZABaseNavBarViewController.m */; };
		3A000A001A84C00900A31253 /* ZAInfoViewController.m in Sources */ = {isa = PBXBuildFile; fileRef = 3A0009FF1A84C00900A31253 /* ZAInfoViewController.m */; };
		C5706603DE4807C6859FE2AA /* libPods-ZestyApp.a in Frameworks */ = {isa = PBXBuildFile; fileRef = 1AD0617DF091BF8812834F2F /* libPods-ZestyApp.a */; };
		F327969C19654B7200082B6A /* Foundation.framework in Frameworks */ = {isa = PBXBuildFile; fileRef = F327969B19654B7200082B6A /* Foundation.framework */; };
		F327969E19654B7200082B6A /* CoreGraphics.framework in Frameworks */ = {isa = PBXBuildFile; fileRef = F327969D19654B7200082B6A /* CoreGraphics.framework */; };
		F32796A019654B7200082B6A /* UIKit.framework in Frameworks */ = {isa = PBXBuildFile; fileRef = F327969F19654B7200082B6A /* UIKit.framework */; };
		F32796A619654B7200082B6A /* InfoPlist.strings in Resources */ = {isa = PBXBuildFile; fileRef = F32796A419654B7200082B6A /* InfoPlist.strings */; };
		F32796A819654B7200082B6A /* main.m in Sources */ = {isa = PBXBuildFile; fileRef = F32796A719654B7200082B6A /* main.m */; };
		F32796AC19654B7200082B6A /* ZAAppDelegate.m in Sources */ = {isa = PBXBuildFile; fileRef = F32796AB19654B7200082B6A /* ZAAppDelegate.m */; };
		F32796AF19654B7200082B6A /* Main_iPhone.storyboard in Resources */ = {isa = PBXBuildFile; fileRef = F32796AD19654B7200082B6A /* Main_iPhone.storyboard */; };
		F32796B219654B7200082B6A /* Main_iPad.storyboard in Resources */ = {isa = PBXBuildFile; fileRef = F32796B019654B7200082B6A /* Main_iPad.storyboard */; };
		F32796B719654B7200082B6A /* Images.xcassets in Resources */ = {isa = PBXBuildFile; fileRef = F32796B619654B7200082B6A /* Images.xcassets */; };
		F32796BE19654B7300082B6A /* XCTest.framework in Frameworks */ = {isa = PBXBuildFile; fileRef = F32796BD19654B7300082B6A /* XCTest.framework */; };
		F32796BF19654B7300082B6A /* Foundation.framework in Frameworks */ = {isa = PBXBuildFile; fileRef = F327969B19654B7200082B6A /* Foundation.framework */; };
		F32796C019654B7300082B6A /* UIKit.framework in Frameworks */ = {isa = PBXBuildFile; fileRef = F327969F19654B7200082B6A /* UIKit.framework */; };
		F32796C819654B7300082B6A /* InfoPlist.strings in Resources */ = {isa = PBXBuildFile; fileRef = F32796C619654B7300082B6A /* InfoPlist.strings */; };
		F32796CA19654B7300082B6A /* ZestyAppTests.m in Sources */ = {isa = PBXBuildFile; fileRef = F32796C919654B7300082B6A /* ZestyAppTests.m */; };
		F32796E2197E9FE700082B6A /* CoreLocation.framework in Frameworks */ = {isa = PBXBuildFile; fileRef = F32796E1197E9FE700082B6A /* CoreLocation.framework */; };
/* End PBXBuildFile section */

/* Begin PBXContainerItemProxy section */
		F32796C119654B7300082B6A /* PBXContainerItemProxy */ = {
			isa = PBXContainerItemProxy;
			containerPortal = F327969019654B7200082B6A /* Project object */;
			proxyType = 1;
			remoteGlobalIDString = F327969719654B7200082B6A;
			remoteInfo = ZestyApp;
		};
/* End PBXContainerItemProxy section */

/* Begin PBXFileReference section */
		1AD0617DF091BF8812834F2F /* libPods-ZestyApp.a */ = {isa = PBXFileReference; explicitFileType = archive.ar; includeInIndex = 0; path = "libPods-ZestyApp.a"; sourceTree = BUILT_PRODUCTS_DIR; };
		2CEA815AE8AC4A9B0ECC6E60 /* Pods-ZestyApp.release.xcconfig */ = {isa = PBXFileReference; includeInIndex = 1; lastKnownFileType = text.xcconfig; name = "Pods-ZestyApp.release.xcconfig"; path = "Pods/Target Support Files/Pods-ZestyApp/Pods-ZestyApp.release.xcconfig"; sourceTree = "<group>"; };
		3A0009BF1A825C9B00A31253 /* GothamNarrow-Black.otf */ = {isa = PBXFileReference; lastKnownFileType = file; path = "GothamNarrow-Black.otf"; sourceTree = "<group>"; };
		3A0009C01A825C9B00A31253 /* GothamNarrow-BlackItalic.otf */ = {isa = PBXFileReference; lastKnownFileType = file; path = "GothamNarrow-BlackItalic.otf"; sourceTree = "<group>"; };
		3A0009C11A825C9B00A31253 /* GothamNarrow-Bold.otf */ = {isa = PBXFileReference; lastKnownFileType = file; path = "GothamNarrow-Bold.otf"; sourceTree = "<group>"; };
		3A0009C21A825C9B00A31253 /* GothamNarrow-BoldItalic.otf */ = {isa = PBXFileReference; lastKnownFileType = file; path = "GothamNarrow-BoldItalic.otf"; sourceTree = "<group>"; };
		3A0009C31A825C9B00A31253 /* GothamNarrow-Book.otf */ = {isa = PBXFileReference; lastKnownFileType = file; path = "GothamNarrow-Book.otf"; sourceTree = "<group>"; };
		3A0009C41A825C9B00A31253 /* GothamNarrow-BookItalic.otf */ = {isa = PBXFileReference; lastKnownFileType = file; path = "GothamNarrow-BookItalic.otf"; sourceTree = "<group>"; };
		3A0009C51A825C9B00A31253 /* GothamNarrow-Light.otf */ = {isa = PBXFileReference; lastKnownFileType = file; path = "GothamNarrow-Light.otf"; sourceTree = "<group>"; };
		3A0009C61A825C9B00A31253 /* GothamNarrow-LightItalic.otf */ = {isa = PBXFileReference; lastKnownFileType = file; path = "GothamNarrow-LightItalic.otf"; sourceTree = "<group>"; };
		3A0009C71A825C9B00A31253 /* GothamNarrow-Medium.otf */ = {isa = PBXFileReference; lastKnownFileType = file; path = "GothamNarrow-Medium.otf"; sourceTree = "<group>"; };
		3A0009C81A825C9B00A31253 /* GothamNarrow-MediumItalic.otf */ = {isa = PBXFileReference; lastKnownFileType = file; path = "GothamNarrow-MediumItalic.otf"; sourceTree = "<group>"; };
		3A0009C91A825C9B00A31253 /* GothamNarrow-Thin.otf */ = {isa = PBXFileReference; lastKnownFileType = file; path = "GothamNarrow-Thin.otf"; sourceTree = "<group>"; };
		3A0009CA1A825C9B00A31253 /* GothamNarrow-ThinItalic.otf */ = {isa = PBXFileReference; lastKnownFileType = file; path = "GothamNarrow-ThinItalic.otf"; sourceTree = "<group>"; };
		3A0009CB1A825C9B00A31253 /* GothamNarrow-Ultra.otf */ = {isa = PBXFileReference; lastKnownFileType = file; path = "GothamNarrow-Ultra.otf"; sourceTree = "<group>"; };
		3A0009CC1A825C9B00A31253 /* GothamNarrow-UltraItalic.otf */ = {isa = PBXFileReference; lastKnownFileType = file; path = "GothamNarrow-UltraItalic.otf"; sourceTree = "<group>"; };
		3A0009CD1A825C9B00A31253 /* GothamNarrow-XLight.otf */ = {isa = PBXFileReference; lastKnownFileType = file; path = "GothamNarrow-XLight.otf"; sourceTree = "<group>"; };
		3A0009CE1A825C9B00A31253 /* GothamNarrow-XLightItalic.otf */ = {isa = PBXFileReference; lastKnownFileType = file; path = "GothamNarrow-XLightItalic.otf"; sourceTree = "<group>"; };
		3A0009E11A82665D00A31253 /* ZABookingViewController.h */ = {isa = PBXFileReference; fileEncoding = 4; lastKnownFileType = sourcecode.c.h; path = ZABookingViewController.h; sourceTree = "<group>"; };
		3A0009E21A82665D00A31253 /* ZABookingViewController.m */ = {isa = PBXFileReference; fileEncoding = 4; lastKnownFileType = sourcecode.c.objc; path = ZABookingViewController.m; sourceTree = "<group>"; };
		3A0009E51A82665D00A31253 /* ZAIconCell.h */ = {isa = PBXFileReference; fileEncoding = 4; lastKnownFileType = sourcecode.c.h; path = ZAIconCell.h; sourceTree = "<group>"; };
		3A0009E61A82665D00A31253 /* ZAIconCell.m */ = {isa = PBXFileReference; fileEncoding = 4; lastKnownFileType = sourcecode.c.objc; path = ZAIconCell.m; sourceTree = "<group>"; };
		3A0009E71A82665D00A31253 /* ZAHomeViewController.h */ = {isa = PBXFileReference; fileEncoding = 4; lastKnownFileType = sourcecode.c.h; path = ZAHomeViewController.h; sourceTree = "<group>"; };
		3A0009E81A82665D00A31253 /* ZAHomeViewController.m */ = {isa = PBXFileReference; fileEncoding = 4; lastKnownFileType = sourcecode.c.objc; path = ZAHomeViewController.m; sourceTree = "<group>"; };
		3A0009ED1A82665D00A31253 /* ZASideBarTableViewController.h */ = {isa = PBXFileReference; fileEncoding = 4; lastKnownFileType = sourcecode.c.h; path = ZASideBarTableViewController.h; sourceTree = "<group>"; };
		3A0009EE1A82665D00A31253 /* ZASideBarTableViewController.m */ = {isa = PBXFileReference; fileEncoding = 4; lastKnownFileType = sourcecode.c.objc; path = ZASideBarTableViewController.m; sourceTree = "<group>"; };
		3A0009F41A8271D500A31253 /* infoPage.plist */ = {isa = PBXFileReference; fileEncoding = 4; lastKnownFileType = text.plist.xml; path = infoPage.plist; sourceTree = "<group>"; };
		3A0009F71A8365BE00A31253 /* ZABlogViewController.h */ = {isa = PBXFileReference; fileEncoding = 4; lastKnownFileType = sourcecode.c.h; path = ZABlogViewController.h; sourceTree = "<group>"; };
		3A0009F81A8365BE00A31253 /* ZABlogViewController.m */ = {isa = PBXFileReference; fileEncoding = 4; lastKnownFileType = sourcecode.c.objc; path = ZABlogViewController.m; sourceTree = "<group>"; };
		3A0009FB1A84B04300A31253 /* ZABaseNavBarViewController.h */ = {isa = PBXFileReference; fileEncoding = 4; lastKnownFileType = sourcecode.c.h; path = ZABaseNavBarViewController.h; sourceTree = "<group>"; };
		3A0009FC1A84B04300A31253 /* ZABaseNavBarViewController.m */ = {isa = PBXFileReference; fileEncoding = 4; lastKnownFileType = sourcecode.c.objc; path = ZABaseNavBarViewController.m; sourceTree = "<group>"; };
		3A0009FE1A84C00900A31253 /* ZAInfoViewController.h */ = {isa = PBXFileReference; fileEncoding = 4; lastKnownFileType = sourcecode.c.h; path = ZAInfoViewController.h; sourceTree = "<group>"; };
		3A0009FF1A84C00900A31253 /* ZAInfoViewController.m */ = {isa = PBXFileReference; fileEncoding = 4; lastKnownFileType = sourcecode.c.objc; path = ZAInfoViewController.m; sourceTree = "<group>"; };
		93540ACA2ECCF674B8DCCC8B /* Pods-ZestyApp.debug.xcconfig */ = {isa = PBXFileReference; includeInIndex = 1; lastKnownFileType = text.xcconfig; name = "Pods-ZestyApp.debug.xcconfig"; path = "Pods/Target Support Files/Pods-ZestyApp/Pods-ZestyApp.debug.xcconfig"; sourceTree = "<group>"; };
		F327969819654B7200082B6A /* ZestyApp.app */ = {isa = PBXFileReference; explicitFileType = wrapper.application; includeInIndex = 0; path = ZestyApp.app; sourceTree = BUILT_PRODUCTS_DIR; };
		F327969B19654B7200082B6A /* Foundation.framework */ = {isa = PBXFileReference; lastKnownFileType = wrapper.framework; name = Foundation.framework; path = System/Library/Frameworks/Foundation.framework; sourceTree = SDKROOT; };
		F327969D19654B7200082B6A /* CoreGraphics.framework */ = {isa = PBXFileReference; lastKnownFileType = wrapper.framework; name = CoreGraphics.framework; path = System/Library/Frameworks/CoreGraphics.framework; sourceTree = SDKROOT; };
		F327969F19654B7200082B6A /* UIKit.framework */ = {isa = PBXFileReference; lastKnownFileType = wrapper.framework; name = UIKit.framework; path = System/Library/Frameworks/UIKit.framework; sourceTree = SDKROOT; };
		F32796A319654B7200082B6A /* ZestyApp-Info.plist */ = {isa = PBXFileReference; lastKnownFileType = text.plist.xml; path = "ZestyApp-Info.plist"; sourceTree = "<group>"; };
		F32796A519654B7200082B6A /* en */ = {isa = PBXFileReference; lastKnownFileType = text.plist.strings; name = en; path = en.lproj/InfoPlist.strings; sourceTree = "<group>"; };
		F32796A719654B7200082B6A /* main.m */ = {isa = PBXFileReference; lastKnownFileType = sourcecode.c.objc; path = main.m; sourceTree = "<group>"; };
		F32796A919654B7200082B6A /* ZestyApp-Prefix.pch */ = {isa = PBXFileReference; lastKnownFileType = sourcecode.c.h; path = "ZestyApp-Prefix.pch"; sourceTree = "<group>"; };
		F32796AA19654B7200082B6A /* ZAAppDelegate.h */ = {isa = PBXFileReference; lastKnownFileType = sourcecode.c.h; path = ZAAppDelegate.h; sourceTree = "<group>"; };
		F32796AB19654B7200082B6A /* ZAAppDelegate.m */ = {isa = PBXFileReference; lastKnownFileType = sourcecode.c.objc; path = ZAAppDelegate.m; sourceTree = "<group>"; };
		F32796AE19654B7200082B6A /* Base */ = {isa = PBXFileReference; lastKnownFileType = file.storyboard; name = Base; path = Base.lproj/Main_iPhone.storyboard; sourceTree = "<group>"; };
		F32796B119654B7200082B6A /* Base */ = {isa = PBXFileReference; lastKnownFileType = file.storyboard; name = Base; path = Base.lproj/Main_iPad.storyboard; sourceTree = "<group>"; };
		F32796B619654B7200082B6A /* Images.xcassets */ = {isa = PBXFileReference; lastKnownFileType = folder.assetcatalog; path = Images.xcassets; sourceTree = "<group>"; };
		F32796BC19654B7300082B6A /* ZestyAppTests.xctest */ = {isa = PBXFileReference; explicitFileType = wrapper.cfbundle; includeInIndex = 0; path = ZestyAppTests.xctest; sourceTree = BUILT_PRODUCTS_DIR; };
		F32796BD19654B7300082B6A /* XCTest.framework */ = {isa = PBXFileReference; lastKnownFileType = wrapper.framework; name = XCTest.framework; path = Library/Frameworks/XCTest.framework; sourceTree = DEVELOPER_DIR; };
		F32796C519654B7300082B6A /* ZestyAppTests-Info.plist */ = {isa = PBXFileReference; lastKnownFileType = text.plist.xml; path = "ZestyAppTests-Info.plist"; sourceTree = "<group>"; };
		F32796C719654B7300082B6A /* en */ = {isa = PBXFileReference; lastKnownFileType = text.plist.strings; name = en; path = en.lproj/InfoPlist.strings; sourceTree = "<group>"; };
		F32796C919654B7300082B6A /* ZestyAppTests.m */ = {isa = PBXFileReference; lastKnownFileType = sourcecode.c.objc; path = ZestyAppTests.m; sourceTree = "<group>"; };
		F32796E1197E9FE700082B6A /* CoreLocation.framework */ = {isa = PBXFileReference; lastKnownFileType = wrapper.framework; name = CoreLocation.framework; path = System/Library/Frameworks/CoreLocation.framework; sourceTree = SDKROOT; };
		F3AEEA8319ACB8A40075DDA1 /* Zesty.mobileprovision */ = {isa = PBXFileReference; lastKnownFileType = file; path = Zesty.mobileprovision; sourceTree = "<group>"; };
/* End PBXFileReference section */

/* Begin PBXFrameworksBuildPhase section */
		F327969519654B7200082B6A /* Frameworks */ = {
			isa = PBXFrameworksBuildPhase;
			buildActionMask = 2147483647;
			files = (
				F32796E2197E9FE700082B6A /* CoreLocation.framework in Frameworks */,
				F327969E19654B7200082B6A /* CoreGraphics.framework in Frameworks */,
				F32796A019654B7200082B6A /* UIKit.framework in Frameworks */,
				F327969C19654B7200082B6A /* Foundation.framework in Frameworks */,
				C5706603DE4807C6859FE2AA /* libPods-ZestyApp.a in Frameworks */,
			);
			runOnlyForDeploymentPostprocessing = 0;
		};
		F32796B919654B7300082B6A /* Frameworks */ = {
			isa = PBXFrameworksBuildPhase;
			buildActionMask = 2147483647;
			files = (
				F32796BE19654B7300082B6A /* XCTest.framework in Frameworks */,
				F32796C019654B7300082B6A /* UIKit.framework in Frameworks */,
				F32796BF19654B7300082B6A /* Foundation.framework in Frameworks */,
			);
			runOnlyForDeploymentPostprocessing = 0;
		};
/* End PBXFrameworksBuildPhase section */

/* Begin PBXGroup section */
		3A0009BD1A825C9B00A31253 /* Resources */ = {
			isa = PBXGroup;
			children = (
				3A0009BE1A825C9B00A31253 /* Fonts */,
			);
			path = Resources;
			sourceTree = "<group>";
		};
		3A0009BE1A825C9B00A31253 /* Fonts */ = {
			isa = PBXGroup;
			children = (
				3A0009BF1A825C9B00A31253 /* GothamNarrow-Black.otf */,
				3A0009C01A825C9B00A31253 /* GothamNarrow-BlackItalic.otf */,
				3A0009C11A825C9B00A31253 /* GothamNarrow-Bold.otf */,
				3A0009C21A825C9B00A31253 /* GothamNarrow-BoldItalic.otf */,
				3A0009C31A825C9B00A31253 /* GothamNarrow-Book.otf */,
				3A0009C41A825C9B00A31253 /* GothamNarrow-BookItalic.otf */,
				3A0009C51A825C9B00A31253 /* GothamNarrow-Light.otf */,
				3A0009C61A825C9B00A31253 /* GothamNarrow-LightItalic.otf */,
				3A0009C71A825C9B00A31253 /* GothamNarrow-Medium.otf */,
				3A0009C81A825C9B00A31253 /* GothamNarrow-MediumItalic.otf */,
				3A0009C91A825C9B00A31253 /* GothamNarrow-Thin.otf */,
				3A0009CA1A825C9B00A31253 /* GothamNarrow-ThinItalic.otf */,
				3A0009CB1A825C9B00A31253 /* GothamNarrow-Ultra.otf */,
				3A0009CC1A825C9B00A31253 /* GothamNarrow-UltraItalic.otf */,
				3A0009CD1A825C9B00A31253 /* GothamNarrow-XLight.otf */,
				3A0009CE1A825C9B00A31253 /* GothamNarrow-XLightItalic.otf */,
			);
			path = Fonts;
			sourceTree = "<group>";
		};
		3A0009DF1A82665D00A31253 /* GUI */ = {
			isa = PBXGroup;
			children = (
				3A0009FA1A84B01B00A31253 /* Base */,
				3A0009F61A83659500A31253 /* Blog */,
				F32796AD19654B7200082B6A /* Main_iPhone.storyboard */,
				F32796B019654B7200082B6A /* Main_iPad.storyboard */,
				3A0009E01A82665D00A31253 /* Booking */,
				3A0009E31A82665D00A31253 /* Home */,
				3A0009E91A82665D00A31253 /* Info */,
				3A0009EC1A82665D00A31253 /* SideBar */,
			);
			path = GUI;
			sourceTree = "<group>";
		};
		3A0009E01A82665D00A31253 /* Booking */ = {
			isa = PBXGroup;
			children = (
				3A0009E11A82665D00A31253 /* ZABookingViewController.h */,
				3A0009E21A82665D00A31253 /* ZABookingViewController.m */,
			);
			path = Booking;
			sourceTree = "<group>";
		};
		3A0009E31A82665D00A31253 /* Home */ = {
			isa = PBXGroup;
			children = (
				3A0009E41A82665D00A31253 /* Cells */,
				3A0009E71A82665D00A31253 /* ZAHomeViewController.h */,
				3A0009E81A82665D00A31253 /* ZAHomeViewController.m */,
			);
			path = Home;
			sourceTree = "<group>";
		};
		3A0009E41A82665D00A31253 /* Cells */ = {
			isa = PBXGroup;
			children = (
				3A0009E51A82665D00A31253 /* ZAIconCell.h */,
				3A0009E61A82665D00A31253 /* ZAIconCell.m */,
			);
			path = Cells;
			sourceTree = "<group>";
		};
		3A0009E91A82665D00A31253 /* Info */ = {
			isa = PBXGroup;
			children = (
				3A0009FE1A84C00900A31253 /* ZAInfoViewController.h */,
				3A0009FF1A84C00900A31253 /* ZAInfoViewController.m */,
			);
			path = Info;
			sourceTree = "<group>";
		};
		3A0009EC1A82665D00A31253 /* SideBar */ = {
			isa = PBXGroup;
			children = (
				3A0009ED1A82665D00A31253 /* ZASideBarTableViewController.h */,
				3A0009EE1A82665D00A31253 /* ZASideBarTableViewController.m */,
			);
			path = SideBar;
			sourceTree = "<group>";
		};
		3A0009F61A83659500A31253 /* Blog */ = {
			isa = PBXGroup;
			children = (
				3A0009F71A8365BE00A31253 /* ZABlogViewController.h */,
				3A0009F81A8365BE00A31253 /* ZABlogViewController.m */,
			);
			path = Blog;
			sourceTree = "<group>";
		};
		3A0009FA1A84B01B00A31253 /* Base */ = {
			isa = PBXGroup;
			children = (
				3A0009FB1A84B04300A31253 /* ZABaseNavBarViewController.h */,
				3A0009FC1A84B04300A31253 /* ZABaseNavBarViewController.m */,
			);
			path = Base;
			sourceTree = "<group>";
		};
		E4BF28C048EE91D129CC565E /* Pods */ = {
			isa = PBXGroup;
			children = (
				93540ACA2ECCF674B8DCCC8B /* Pods-ZestyApp.debug.xcconfig */,
				2CEA815AE8AC4A9B0ECC6E60 /* Pods-ZestyApp.release.xcconfig */,
			);
			name = Pods;
			sourceTree = "<group>";
		};
		F327968F19654B7200082B6A = {
			isa = PBXGroup;
			children = (
				F3AEEA8319ACB8A40075DDA1 /* Zesty.mobileprovision */,
				F32796A119654B7200082B6A /* ZestyApp */,
				F32796C319654B7300082B6A /* ZestyAppTests */,
				F327969A19654B7200082B6A /* Frameworks */,
				F327969919654B7200082B6A /* Products */,
				E4BF28C048EE91D129CC565E /* Pods */,
			);
			sourceTree = "<group>";
		};
		F327969919654B7200082B6A /* Products */ = {
			isa = PBXGroup;
			children = (
				F327969819654B7200082B6A /* ZestyApp.app */,
				F32796BC19654B7300082B6A /* ZestyAppTests.xctest */,
			);
			name = Products;
			sourceTree = "<group>";
		};
		F327969A19654B7200082B6A /* Frameworks */ = {
			isa = PBXGroup;
			children = (
				F32796E1197E9FE700082B6A /* CoreLocation.framework */,
				F327969B19654B7200082B6A /* Foundation.framework */,
				F327969D19654B7200082B6A /* CoreGraphics.framework */,
				F327969F19654B7200082B6A /* UIKit.framework */,
				F32796BD19654B7300082B6A /* XCTest.framework */,
				1AD0617DF091BF8812834F2F /* libPods-ZestyApp.a */,
			);
			name = Frameworks;
			sourceTree = "<group>";
		};
		F32796A119654B7200082B6A /* ZestyApp */ = {
			isa = PBXGroup;
			children = (
				3A0009DF1A82665D00A31253 /* GUI */,
				3A0009BD1A825C9B00A31253 /* Resources */,
				F32796AA19654B7200082B6A /* ZAAppDelegate.h */,
				F32796AB19654B7200082B6A /* ZAAppDelegate.m */,
				F32796B619654B7200082B6A /* Images.xcassets */,
				F32796A219654B7200082B6A /* Supporting Files */,
			);
			path = ZestyApp;
			sourceTree = "<group>";
		};
		F32796A219654B7200082B6A /* Supporting Files */ = {
			isa = PBXGroup;
			children = (
				3A0009F41A8271D500A31253 /* infoPage.plist */,
				F32796A319654B7200082B6A /* ZestyApp-Info.plist */,
				F32796A419654B7200082B6A /* InfoPlist.strings */,
				F32796A719654B7200082B6A /* main.m */,
				F32796A919654B7200082B6A /* ZestyApp-Prefix.pch */,
			);
			name = "Supporting Files";
			sourceTree = "<group>";
		};
		F32796C319654B7300082B6A /* ZestyAppTests */ = {
			isa = PBXGroup;
			children = (
				F32796C919654B7300082B6A /* ZestyAppTests.m */,
				F32796C419654B7300082B6A /* Supporting Files */,
			);
			path = ZestyAppTests;
			sourceTree = "<group>";
		};
		F32796C419654B7300082B6A /* Supporting Files */ = {
			isa = PBXGroup;
			children = (
				F32796C519654B7300082B6A /* ZestyAppTests-Info.plist */,
				F32796C619654B7300082B6A /* InfoPlist.strings */,
			);
			name = "Supporting Files";
			sourceTree = "<group>";
		};
/* End PBXGroup section */

/* Begin PBXNativeTarget section */
		F327969719654B7200082B6A /* ZestyApp */ = {
			isa = PBXNativeTarget;
			buildConfigurationList = F32796CD19654B7300082B6A /* Build configuration list for PBXNativeTarget "ZestyApp" */;
			buildPhases = (
				A76CBBAAEF76C68EF368D47E /* Check Pods Manifest.lock */,
				F327969419654B7200082B6A /* Sources */,
				F327969519654B7200082B6A /* Frameworks */,
				F327969619654B7200082B6A /* Resources */,
				22859F466E1A5AB81524C1E2 /* Copy Pods Resources */,
			);
			buildRules = (
			);
			dependencies = (
			);
			name = ZestyApp;
			productName = ZestyApp;
			productReference = F327969819654B7200082B6A /* ZestyApp.app */;
			productType = "com.apple.product-type.application";
		};
		F32796BB19654B7300082B6A /* ZestyAppTests */ = {
			isa = PBXNativeTarget;
			buildConfigurationList = F32796D019654B7300082B6A /* Build configuration list for PBXNativeTarget "ZestyAppTests" */;
			buildPhases = (
				F32796B819654B7300082B6A /* Sources */,
				F32796B919654B7300082B6A /* Frameworks */,
				F32796BA19654B7300082B6A /* Resources */,
			);
			buildRules = (
			);
			dependencies = (
				F32796C219654B7300082B6A /* PBXTargetDependency */,
			);
			name = ZestyAppTests;
			productName = ZestyAppTests;
			productReference = F32796BC19654B7300082B6A /* ZestyAppTests.xctest */;
			productType = "com.apple.product-type.bundle.unit-test";
		};
/* End PBXNativeTarget section */

/* Begin PBXProject section */
		F327969019654B7200082B6A /* Project object */ = {
			isa = PBXProject;
			attributes = {
				LastUpgradeCheck = 0510;
				ORGANIZATIONNAME = ZestyLtd;
				TargetAttributes = {
					F327969719654B7200082B6A = {
						DevelopmentTeam = G5EG5T3U3L;
					};
					F32796BB19654B7300082B6A = {
						TestTargetID = F327969719654B7200082B6A;
					};
				};
			};
			buildConfigurationList = F327969319654B7200082B6A /* Build configuration list for PBXProject "Zesty" */;
			compatibilityVersion = "Xcode 3.2";
			developmentRegion = English;
			hasScannedForEncodings = 0;
			knownRegions = (
				en,
				Base,
			);
			mainGroup = F327968F19654B7200082B6A;
			productRefGroup = F327969919654B7200082B6A /* Products */;
			projectDirPath = "";
			projectRoot = "";
			targets = (
				F327969719654B7200082B6A /* ZestyApp */,
				F32796BB19654B7300082B6A /* ZestyAppTests */,
			);
		};
/* End PBXProject section */

/* Begin PBXResourcesBuildPhase section */
		F327969619654B7200082B6A /* Resources */ = {
			isa = PBXResourcesBuildPhase;
			buildActionMask = 2147483647;
			files = (
				F32796B219654B7200082B6A /* Main_iPad.storyboard in Resources */,
				F32796B719654B7200082B6A /* Images.xcassets in Resources */,
				3A0009CF1A825C9B00A31253 /* GothamNarrow-Black.otf in Resources */,
				3A0009DC1A825C9B00A31253 /* GothamNarrow-UltraItalic.otf in Resources */,
				3A0009DA1A825C9B00A31253 /* GothamNarrow-ThinItalic.otf in Resources */,
				3A0009D11A825C9B00A31253 /* GothamNarrow-Bold.otf in Resources */,
				F32796AF19654B7200082B6A /* Main_iPhone.storyboard in Resources */,
				3A0009D91A825C9B00A31253 /* GothamNarrow-Thin.otf in Resources */,
				3A0009DD1A825C9B00A31253 /* GothamNarrow-XLight.otf in Resources */,
				3A0009D31A825C9B00A31253 /* GothamNarrow-Book.otf in Resources */,
				F32796A619654B7200082B6A /* InfoPlist.strings in Resources */,
				3A0009D61A825C9B00A31253 /* GothamNarrow-LightItalic.otf in Resources */,
				3A0009D51A825C9B00A31253 /* GothamNarrow-Light.otf in Resources */,
				3A0009DB1A825C9B00A31253 /* GothamNarrow-Ultra.otf in Resources */,
				3A0009D71A825C9B00A31253 /* GothamNarrow-Medium.otf in Resources */,
				3A0009DE1A825C9B00A31253 /* GothamNarrow-XLightItalic.otf in Resources */,
				3A0009D21A825C9B00A31253 /* GothamNarrow-BoldItalic.otf in Resources */,
				3A0009D81A825C9B00A31253 /* GothamNarrow-MediumItalic.otf in Resources */,
				3A0009F51A8271D500A31253 /* infoPage.plist in Resources */,
				3A0009D01A825C9B00A31253 /* GothamNarrow-BlackItalic.otf in Resources */,
				3A0009D41A825C9B00A31253 /* GothamNarrow-BookItalic.otf in Resources */,
			);
			runOnlyForDeploymentPostprocessing = 0;
		};
		F32796BA19654B7300082B6A /* Resources */ = {
			isa = PBXResourcesBuildPhase;
			buildActionMask = 2147483647;
			files = (
				F32796C819654B7300082B6A /* InfoPlist.strings in Resources */,
			);
			runOnlyForDeploymentPostprocessing = 0;
		};
/* End PBXResourcesBuildPhase section */

/* Begin PBXShellScriptBuildPhase section */
		22859F466E1A5AB81524C1E2 /* Copy Pods Resources */ = {
			isa = PBXShellScriptBuildPhase;
			buildActionMask = 2147483647;
			files = (
			);
			inputPaths = (
			);
			name = "Copy Pods Resources";
			outputPaths = (
			);
			runOnlyForDeploymentPostprocessing = 0;
			shellPath = /bin/sh;
			shellScript = "\"${SRCROOT}/Pods/Target Support Files/Pods-ZestyApp/Pods-ZestyApp-resources.sh\"\n";
			showEnvVarsInLog = 0;
		};
		A76CBBAAEF76C68EF368D47E /* Check Pods Manifest.lock */ = {
			isa = PBXShellScriptBuildPhase;
			buildActionMask = 2147483647;
			files = (
			);
			inputPaths = (
			);
			name = "Check Pods Manifest.lock";
			outputPaths = (
			);
			runOnlyForDeploymentPostprocessing = 0;
			shellPath = /bin/sh;
			shellScript = "diff \"${PODS_ROOT}/../Podfile.lock\" \"${PODS_ROOT}/Manifest.lock\" > /dev/null\nif [[ $? != 0 ]] ; then\n    cat << EOM\nerror: The sandbox is not in sync with the Podfile.lock. Run 'pod install' or update your CocoaPods installation.\nEOM\n    exit 1\nfi\n";
			showEnvVarsInLog = 0;
		};
/* End PBXShellScriptBuildPhase section */

/* Begin PBXSourcesBuildPhase section */
		F327969419654B7200082B6A /* Sources */ = {
			isa = PBXSourcesBuildPhase;
			buildActionMask = 2147483647;
			files = (
				3A0009F31A82665D00A31253 /* ZASideBarTableViewController.m in Sources */,
				3A0009F11A82665D00A31253 /* ZAHomeViewController.m in Sources */,
				F32796AC19654B7200082B6A /* ZAAppDelegate.m in Sources */,
				F32796A819654B7200082B6A /* main.m in Sources */,
				3A0009EF1A82665D00A31253 /* ZABookingViewController.m in Sources */,
				3A0009F01A82665D00A31253 /* ZAIconCell.m in Sources */,
				3A0009F91A8365BE00A31253 /* ZABlogViewController.m in Sources */,
				3A0009FD1A84B04300A31253 /* ZABaseNavBarViewController.m in Sources */,
				3A000A001A84C00900A31253 /* ZAInfoViewController.m in Sources */,
			);
			runOnlyForDeploymentPostprocessing = 0;
		};
		F32796B819654B7300082B6A /* Sources */ = {
			isa = PBXSourcesBuildPhase;
			buildActionMask = 2147483647;
			files = (
				F32796CA19654B7300082B6A /* ZestyAppTests.m in Sources */,
			);
			runOnlyForDeploymentPostprocessing = 0;
		};
/* End PBXSourcesBuildPhase section */

/* Begin PBXTargetDependency section */
		F32796C219654B7300082B6A /* PBXTargetDependency */ = {
			isa = PBXTargetDependency;
			target = F327969719654B7200082B6A /* ZestyApp */;
			targetProxy = F32796C119654B7300082B6A /* PBXContainerItemProxy */;
		};
/* End PBXTargetDependency section */

/* Begin PBXVariantGroup section */
		F32796A419654B7200082B6A /* InfoPlist.strings */ = {
			isa = PBXVariantGroup;
			children = (
				F32796A519654B7200082B6A /* en */,
			);
			name = InfoPlist.strings;
			sourceTree = "<group>";
		};
		F32796AD19654B7200082B6A /* Main_iPhone.storyboard */ = {
			isa = PBXVariantGroup;
			children = (
				F32796AE19654B7200082B6A /* Base */,
			);
			name = Main_iPhone.storyboard;
			path = ..;
			sourceTree = "<group>";
		};
		F32796B019654B7200082B6A /* Main_iPad.storyboard */ = {
			isa = PBXVariantGroup;
			children = (
				F32796B119654B7200082B6A /* Base */,
			);
			name = Main_iPad.storyboard;
			path = ..;
			sourceTree = "<group>";
		};
		F32796C619654B7300082B6A /* InfoPlist.strings */ = {
			isa = PBXVariantGroup;
			children = (
				F32796C719654B7300082B6A /* en */,
			);
			name = InfoPlist.strings;
			sourceTree = "<group>";
		};
/* End PBXVariantGroup section */

/* Begin XCBuildConfiguration section */
		F32796CB19654B7300082B6A /* Debug */ = {
			isa = XCBuildConfiguration;
			buildSettings = {
				ALWAYS_SEARCH_USER_PATHS = NO;
				CLANG_CXX_LANGUAGE_STANDARD = "gnu++0x";
				CLANG_CXX_LIBRARY = "libc++";
				CLANG_ENABLE_MODULES = YES;
				CLANG_ENABLE_OBJC_ARC = YES;
				CLANG_WARN_BOOL_CONVERSION = YES;
				CLANG_WARN_CONSTANT_CONVERSION = YES;
				CLANG_WARN_DIRECT_OBJC_ISA_USAGE = YES_ERROR;
				CLANG_WARN_EMPTY_BODY = YES;
				CLANG_WARN_ENUM_CONVERSION = YES;
				CLANG_WARN_INT_CONVERSION = YES;
				CLANG_WARN_OBJC_ROOT_CLASS = YES_ERROR;
				CLANG_WARN__DUPLICATE_METHOD_MATCH = YES;
				"CODE_SIGN_IDENTITY[sdk=iphoneos*]" = "iPhone Developer";
				COPY_PHASE_STRIP = NO;
				GCC_C_LANGUAGE_STANDARD = gnu99;
				GCC_DYNAMIC_NO_PIC = NO;
				GCC_OPTIMIZATION_LEVEL = 0;
				GCC_PREPROCESSOR_DEFINITIONS = (
					"DEBUG=1",
					"$(inherited)",
				);
				GCC_SYMBOLS_PRIVATE_EXTERN = NO;
				GCC_WARN_64_TO_32_BIT_CONVERSION = YES;
				GCC_WARN_ABOUT_RETURN_TYPE = YES_ERROR;
				GCC_WARN_UNDECLARED_SELECTOR = YES;
				GCC_WARN_UNINITIALIZED_AUTOS = YES_AGGRESSIVE;
				GCC_WARN_UNUSED_FUNCTION = YES;
				GCC_WARN_UNUSED_VARIABLE = YES;
				IPHONEOS_DEPLOYMENT_TARGET = 7.1;
				ONLY_ACTIVE_ARCH = YES;
				PROVISIONING_PROFILE = "0f0eacae-7716-4ba3-ba8c-9c5e94965fb5";
				SDKROOT = iphoneos;
				TARGETED_DEVICE_FAMILY = "1,2";
			};
			name = Debug;
		};
		F32796CC19654B7300082B6A /* Release */ = {
			isa = XCBuildConfiguration;
			buildSettings = {
				ALWAYS_SEARCH_USER_PATHS = NO;
				CLANG_CXX_LANGUAGE_STANDARD = "gnu++0x";
				CLANG_CXX_LIBRARY = "libc++";
				CLANG_ENABLE_MODULES = YES;
				CLANG_ENABLE_OBJC_ARC = YES;
				CLANG_WARN_BOOL_CONVERSION = YES;
				CLANG_WARN_CONSTANT_CONVERSION = YES;
				CLANG_WARN_DIRECT_OBJC_ISA_USAGE = YES_ERROR;
				CLANG_WARN_EMPTY_BODY = YES;
				CLANG_WARN_ENUM_CONVERSION = YES;
				CLANG_WARN_INT_CONVERSION = YES;
				CLANG_WARN_OBJC_ROOT_CLASS = YES_ERROR;
				CLANG_WARN__DUPLICATE_METHOD_MATCH = YES;
				"CODE_SIGN_IDENTITY[sdk=iphoneos*]" = "iPhone Developer";
				COPY_PHASE_STRIP = YES;
				ENABLE_NS_ASSERTIONS = NO;
				GCC_C_LANGUAGE_STANDARD = gnu99;
				GCC_WARN_64_TO_32_BIT_CONVERSION = YES;
				GCC_WARN_ABOUT_RETURN_TYPE = YES_ERROR;
				GCC_WARN_UNDECLARED_SELECTOR = YES;
				GCC_WARN_UNINITIALIZED_AUTOS = YES_AGGRESSIVE;
				GCC_WARN_UNUSED_FUNCTION = YES;
				GCC_WARN_UNUSED_VARIABLE = YES;
				IPHONEOS_DEPLOYMENT_TARGET = 7.1;
				PROVISIONING_PROFILE = "0f0eacae-7716-4ba3-ba8c-9c5e94965fb5";
				SDKROOT = iphoneos;
				TARGETED_DEVICE_FAMILY = "1,2";
				VALIDATE_PRODUCT = YES;
			};
			name = Release;
		};
		F32796CE19654B7300082B6A /* Debug */ = {
			isa = XCBuildConfiguration;
			baseConfigurationReference = 93540ACA2ECCF674B8DCCC8B /* Pods-ZestyApp.debug.xcconfig */;
			buildSettings = {
				ASSETCATALOG_COMPILER_APPICON_NAME = AppIcon;
				ASSETCATALOG_COMPILER_LAUNCHIMAGE_NAME = LaunchImage;
				CODE_SIGN_IDENTITY = "iPhone Developer";
				"CODE_SIGN_IDENTITY[sdk=iphoneos*]" = "iPhone Developer";
				GCC_PRECOMPILE_PREFIX_HEADER = YES;
				GCC_PREFIX_HEADER = "ZestyApp/ZestyApp-Prefix.pch";
				INFOPLIST_FILE = "ZestyApp/ZestyApp-Info.plist";
				PRODUCT_NAME = "$(TARGET_NAME)";
				PROVISIONING_PROFILE = "";
				TARGETED_DEVICE_FAMILY = "1,2";
				VALIDATE_PRODUCT = YES;
				WRAPPER_EXTENSION = app;
			};
			name = Debug;
		};
		F32796CF19654B7300082B6A /* Release */ = {
			isa = XCBuildConfiguration;
			baseConfigurationReference = 2CEA815AE8AC4A9B0ECC6E60 /* Pods-ZestyApp.release.xcconfig */;
			buildSettings = {
				ASSETCATALOG_COMPILER_APPICON_NAME = AppIcon;
				ASSETCATALOG_COMPILER_LAUNCHIMAGE_NAME = LaunchImage;
				CODE_SIGN_IDENTITY = "iPhone Developer";
				"CODE_SIGN_IDENTITY[sdk=iphoneos*]" = "iPhone Developer";
				GCC_PRECOMPILE_PREFIX_HEADER = YES;
				GCC_PREFIX_HEADER = "ZestyApp/ZestyApp-Prefix.pch";
				INFOPLIST_FILE = "ZestyApp/ZestyApp-Info.plist";
				PRODUCT_NAME = "$(TARGET_NAME)";
				PROVISIONING_PROFILE = "";
				TARGETED_DEVICE_FAMILY = "1,2";
				WRAPPER_EXTENSION = app;
			};
			name = Release;
		};
		F32796D119654B7300082B6A /* Debug */ = {
			isa = XCBuildConfiguration;
			buildSettings = {
				BUNDLE_LOADER = "$(BUILT_PRODUCTS_DIR)/ZestyApp.app/ZestyApp";
				FRAMEWORK_SEARCH_PATHS = (
					"$(SDKROOT)/Developer/Library/Frameworks",
					"$(inherited)",
					"$(DEVELOPER_FRAMEWORKS_DIR)",
				);
				GCC_PRECOMPILE_PREFIX_HEADER = YES;
				GCC_PREFIX_HEADER = "ZestyApp/ZestyApp-Prefix.pch";
				GCC_PREPROCESSOR_DEFINITIONS = (
					"DEBUG=1",
					"$(inherited)",
				);
				INFOPLIST_FILE = "ZestyAppTests/ZestyAppTests-Info.plist";
				PRODUCT_NAME = "$(TARGET_NAME)";
				TEST_HOST = "$(BUNDLE_LOADER)";
				WRAPPER_EXTENSION = xctest;
			};
			name = Debug;
		};
		F32796D219654B7300082B6A /* Release */ = {
			isa = XCBuildConfiguration;
			buildSettings = {
				BUNDLE_LOADER = "$(BUILT_PRODUCTS_DIR)/ZestyApp.app/ZestyApp";
				FRAMEWORK_SEARCH_PATHS = (
					"$(SDKROOT)/Developer/Library/Frameworks",
					"$(inherited)",
					"$(DEVELOPER_FRAMEWORKS_DIR)",
				);
				GCC_PRECOMPILE_PREFIX_HEADER = YES;
				GCC_PREFIX_HEADER = "ZestyApp/ZestyApp-Prefix.pch";
				INFOPLIST_FILE = "ZestyAppTests/ZestyAppTests-Info.plist";
				PRODUCT_NAME = "$(TARGET_NAME)";
				TEST_HOST = "$(BUNDLE_LOADER)";
				WRAPPER_EXTENSION = xctest;
			};
			name = Release;
		};
/* End XCBuildConfiguration section */

/* Begin XCConfigurationList section */
		F327969319654B7200082B6A /* Build configuration list for PBXProject "Zesty" */ = {
			isa = XCConfigurationList;
			buildConfigurations = (
				F32796CB19654B7300082B6A /* Debug */,
				F32796CC19654B7300082B6A /* Release */,
			);
			defaultConfigurationIsVisible = 0;
			defaultConfigurationName = Release;
		};
		F32796CD19654B7300082B6A /* Build configuration list for PBXNativeTarget "ZestyApp" */ = {
			isa = XCConfigurationList;
			buildConfigurations = (
				F32796CE19654B7300082B6A /* Debug */,
				F32796CF19654B7300082B6A /* Release */,
			);
			defaultConfigurationIsVisible = 0;
			defaultConfigurationName = Release;
		};
		F32796D019654B7300082B6A /* Build configuration list for PBXNativeTarget "ZestyAppTests" */ = {
			isa = XCConfigurationList;
			buildConfigurations = (
				F32796D119654B7300082B6A /* Debug */,
				F32796D219654B7300082B6A /* Release */,
			);
			defaultConfigurationIsVisible = 0;
			defaultConfigurationName = Release;
		};
/* End XCConfigurationList section */
	};
	rootObject = F327969019654B7200082B6A /* Project object */;
}
